# This file is automatically @generated by Cargo.
# It is not intended for manual editing.
version = 3

[[package]]
name = "font-index"
version = "0.1.0"
dependencies = [
 "fontconfig-parser",
 "memmap2",
 "swash",
]

[[package]]
name = "fontconfig-parser"
version = "0.5.3"
source = "registry+https://github.com/rust-lang/crates.io-index"
checksum = "674e258f4b5d2dcd63888c01c68413c51f565e8af99d2f7701c7b81d79ef41c4"
dependencies = [
 "roxmltree",
]

[[package]]
name = "libc"
version = "0.2.147"
source = "registry+https://github.com/rust-lang/crates.io-index"
checksum = "b4668fb0ea861c1df094127ac5f1da3409a82116a4ba74fca2e58ef927159bb3"

[[package]]
name = "memmap2"
version = "0.2.3"
source = "registry+https://github.com/rust-lang/crates.io-index"
checksum = "723e3ebdcdc5c023db1df315364573789f8857c11b631a2fdfad7c00f5c046b4"
dependencies = [
 "libc",
]

[[package]]
name = "roxmltree"
version = "0.18.0"
source = "registry+https://github.com/rust-lang/crates.io-index"
checksum = "d8f595a457b6b8c6cda66a48503e92ee8d19342f905948f29c383200ec9eb1d8"
dependencies = [
 "xmlparser",
]

[[package]]
name = "swash"
version = "0.1.8"
source = "registry+https://github.com/rust-lang/crates.io-index"
checksum = "3b7c73c813353c347272919aa1af2885068b05e625e5532b43049e4f641ae77f"
dependencies = [
 "yazi",
 "zeno",
]

[[package]]
name = "xmlparser"
version = "0.13.5"
source = "registry+https://github.com/rust-lang/crates.io-index"
checksum = "4d25c75bf9ea12c4040a97f829154768bbbce366287e2dc044af160cd79a13fd"

[[package]]
name = "yazi"
version = "0.1.6"
source = "registry+https://github.com/rust-lang/crates.io-index"
checksum = "c94451ac9513335b5e23d7a8a2b61a7102398b8cca5160829d313e84c9d98be1"

[[package]]
name = "zeno"
version = "0.2.2"
source = "registry+https://github.com/rust-lang/crates.io-index"
checksum = "c110ba09c9b3a43edd4803d570df0da2414fed6e822e22b976a4e3ef50860701"
